// !$*UTF8*$!
{
	archiveVersion = 1;
	classes = {
	};
	objectVersion = 55;
	objects = {

/* Begin PBXBuildFile section */
		33B246C628ABBAF500811CA3 /* Chapter2App.swift in Sources */ = {isa = PBXBuildFile; fileRef = 33B246C528ABBAF500811CA3 /* Chapter2App.swift */; };
		33B246C828ABBAF500811CA3 /* ContentView.swift in Sources */ = {isa = PBXBuildFile; fileRef = 33B246C728ABBAF500811CA3 /* ContentView.swift */; };
		33B246CA28ABBAF800811CA3 /* Assets.xcassets in Resources */ = {isa = PBXBuildFile; fileRef = 33B246C928ABBAF800811CA3 /* Assets.xcassets */; };
		33B246CD28ABBAF800811CA3 /* Preview Assets.xcassets in Resources */ = {isa = PBXBuildFile; fileRef = 33B246CC28ABBAF800811CA3 /* Preview Assets.xcassets */; };
		33B246D728ABBAF900811CA3 /* Chapter2Tests.swift in Sources */ = {isa = PBXBuildFile; fileRef = 33B246D628ABBAF900811CA3 /* Chapter2Tests.swift */; };
		33B246E128ABBAF900811CA3 /* Chapter2UITests.swift in Sources */ = {isa = PBXBuildFile; fileRef = 33B246E028ABBAF900811CA3 /* Chapter2UITests.swift */; };
		33B246E328ABBAF900811CA3 /* Chapter2UITestsLaunchTests.swift in Sources */ = {isa = PBXBuildFile; fileRef = 33B246E228ABBAF900811CA3 /* Chapter2UITestsLaunchTests.swift */; };
/* End PBXBuildFile section */

/* Begin PBXContainerItemProxy section */
		33B246D328ABBAF900811CA3 /* PBXContainerItemProxy */ = {
			isa = PBXContainerItemProxy;
			containerPortal = 33B246BA28ABBAF500811CA3 /* Project object */;
			proxyType = 1;
			remoteGlobalIDString = 33B246C128ABBAF500811CA3;
			remoteInfo = Chapter2;
		};
		33B246DD28ABBAF900811CA3 /* PBXContainerItemProxy */ = {
			isa = PBXContainerItemProxy;
			containerPortal = 33B246BA28ABBAF500811CA3 /* Project object */;
			proxyType = 1;
			remoteGlobalIDString = 33B246C128ABBAF500811CA3;
			remoteInfo = Chapter2;
		};
/* End PBXContainerItemProxy section */

/* Begin PBXFileReference section */
		33B246C228ABBAF500811CA3 /* Chapter2.app */ = {isa = PBXFileReference; explicitFileType = wrapper.application; includeInIndex = 0; path = Chapter2.app; sourceTree = BUILT_PRODUCTS_DIR; };
		33B246C528ABBAF500811CA3 /* Chapter2App.swift */ = {isa = PBXFileReference; lastKnownFileType = sourcecode.swift; path = Chapter2App.swift; sourceTree = "<group>"; };
		33B246C728ABBAF500811CA3 /* ContentView.swift */ = {isa = PBXFileReference; lastKnownFileType = sourcecode.swift; path = ContentView.swift; sourceTree = "<group>"; };
		33B246C928ABBAF800811CA3 /* Assets.xcassets */ = {isa = PBXFileReference; lastKnownFileType = folder.assetcatalog; path = Assets.xcassets; sourceTree = "<group>"; };
		33B246CC28ABBAF800811CA3 /* Preview Assets.xcassets */ = {isa = PBXFileReference; lastKnownFileType = folder.assetcatalog; path = "Preview Assets.xcassets"; sourceTree = "<group>"; };
		33B246D228ABBAF900811CA3 /* Chapter2Tests.xctest */ = {isa = PBXFileReference; explicitFileType = wrapper.cfbundle; includeInIndex = 0; path = Chapter2Tests.xctest; sourceTree = BUILT_PRODUCTS_DIR; };
		33B246D628ABBAF900811CA3 /* Chapter2Tests.swift */ = {isa = PBXFileReference; lastKnownFileType = sourcecode.swift; path = Chapter2Tests.swift; sourceTree = "<group>"; };
		33B246DC28ABBAF900811CA3 /* Chapter2UITests.xctest */ = {isa = PBXFileReference; explicitFileType = wrapper.cfbundle; includeInIndex = 0; path = Chapter2UITests.xctest; sourceTree = BUILT_PRODUCTS_DIR; };
		33B246E028ABBAF900811CA3 /* Chapter2UITests.swift */ = {isa = PBXFileReference; lastKnownFileType = sourcecode.swift; path = Chapter2UITests.swift; sourceTree = "<group>"; };
		33B246E228ABBAF900811CA3 /* Chapter2UITestsLaunchTests.swift */ = {isa = PBXFileReference; lastKnownFileType = sourcecode.swift; path = Chapter2UITestsLaunchTests.swift; sourceTree = "<group>"; };
/* End PBXFileReference section */

/* Begin PBXFrameworksBuildPhase section */
		33B246BF28ABBAF500811CA3 /* Frameworks */ = {
			isa = PBXFrameworksBuildPhase;
			buildActionMask = 2147483647;
			files = (
			);
			runOnlyForDeploymentPostprocessing = 0;
		};
		33B246CF28ABBAF900811CA3 /* Frameworks */ = {
			isa = PBXFrameworksBuildPhase;
			buildActionMask = 2147483647;
			files = (
			);
			runOnlyForDeploymentPostprocessing = 0;
		};
		33B246D928ABBAF900811CA3 /* Frameworks */ = {
			isa = PBXFrameworksBuildPhase;
			buildActionMask = 2147483647;
			files = (
			);
			runOnlyForDeploymentPostprocessing = 0;
		};
/* End PBXFrameworksBuildPhase section */

/* Begin PBXGroup section */
		33B246B928ABBAF500811CA3 = {
			isa = PBXGroup;
			children = (
				33B246C428ABBAF500811CA3 /* Chapter2 */,
				33B246D528ABBAF900811CA3 /* Chapter2Tests */,
				33B246DF28ABBAF900811CA3 /* Chapter2UITests */,
				33B246C328ABBAF500811CA3 /* Products */,
			);
			sourceTree = "<group>";
		};
		33B246C328ABBAF500811CA3 /* Products */ = {
			isa = PBXGroup;
			children = (
				33B246C228ABBAF500811CA3 /* Chapter2.app */,
				33B246D228ABBAF900811CA3 /* Chapter2Tests.xctest */,
				33B246DC28ABBAF900811CA3 /* Chapter2UITests.xctest */,
			);
			name = Products;
			sourceTree = "<group>";
		};
		33B246C428ABBAF500811CA3 /* Chapter2 */ = {
			isa = PBXGroup;
			children = (
				33B246C528ABBAF500811CA3 /* Chapter2App.swift */,
				33B246C728ABBAF500811CA3 /* ContentView.swift */,
				33B246C928ABBAF800811CA3 /* Assets.xcassets */,
				33B246CB28ABBAF800811CA3 /* Preview Content */,
			);
			path = Chapter2;
			sourceTree = "<group>";
		};
		33B246CB28ABBAF800811CA3 /* Preview Content */ = {
			isa = PBXGroup;
			children = (
				33B246CC28ABBAF800811CA3 /* Preview Assets.xcassets */,
			);
			path = "Preview Content";
			sourceTree = "<group>";
		};
		33B246D528ABBAF900811CA3 /* Chapter2Tests */ = {
			isa = PBXGroup;
			children = (
				33B246D628ABBAF900811CA3 /* Chapter2Tests.swift */,
			);
			path = Chapter2Tests;
			sourceTree = "<group>";
		};
		33B246DF28ABBAF900811CA3 /* Chapter2UITests */ = {
			isa = PBXGroup;
			children = (
				33B246E028ABBAF900811CA3 /* Chapter2UITests.swift */,
				33B246E228ABBAF900811CA3 /* Chapter2UITestsLaunchTests.swift */,
			);
			path = Chapter2UITests;
			sourceTree = "<group>";
		};
/* End PBXGroup section */

/* Begin PBXNativeTarget section */
		33B246C128ABBAF500811CA3 /* Chapter2 */ = {
			isa = PBXNativeTarget;
			buildConfigurationList = 33B246E628ABBAF900811CA3 /* Build configuration list for PBXNativeTarget "Chapter2" */;
			buildPhases = (
				33B246BE28ABBAF500811CA3 /* Sources */,
				33B246BF28ABBAF500811CA3 /* Frameworks */,
				33B246C028ABBAF500811CA3 /* Resources */,
			);
			buildRules = (
			);
			dependencies = (
			);
			name = Chapter2;
			productName = Chapter2;
			productReference = 33B246C228ABBAF500811CA3 /* Chapter2.app */;
			productType = "com.apple.product-type.application";
		};
		33B246D128ABBAF900811CA3 /* Chapter2Tests */ = {
			isa = PBXNativeTarget;
			buildConfigurationList = 33B246E928ABBAF900811CA3 /* Build configuration list for PBXNativeTarget "Chapter2Tests" */;
			buildPhases = (
				33B246CE28ABBAF900811CA3 /* Sources */,
				33B246CF28ABBAF900811CA3 /* Frameworks */,
				33B246D028ABBAF900811CA3 /* Resources */,
			);
			buildRules = (
			);
			dependencies = (
				33B246D428ABBAF900811CA3 /* PBXTargetDependency */,
			);
			name = Chapter2Tests;
			productName = Chapter2Tests;
			productReference = 33B246D228ABBAF900811CA3 /* Chapter2Tests.xctest */;
			productType = "com.apple.product-type.bundle.unit-test";
		};
		33B246DB28ABBAF900811CA3 /* Chapter2UITests */ = {
			isa = PBXNativeTarget;
			buildConfigurationList = 33B246EC28ABBAF900811CA3 /* Build configuration list for PBXNativeTarget "Chapter2UITests" */;
			buildPhases = (
				33B246D828ABBAF900811CA3 /* Sources */,
				33B246D928ABBAF900811CA3 /* Frameworks */,
				33B246DA28ABBAF900811CA3 /* Resources */,
			);
			buildRules = (
			);
			dependencies = (
				33B246DE28ABBAF900811CA3 /* PBXTargetDependency */,
			);
			name = Chapter2UITests;
			productName = Chapter2UITests;
			productReference = 33B246DC28ABBAF900811CA3 /* Chapter2UITests.xctest */;
			productType = "com.apple.product-type.bundle.ui-testing";
		};
/* End PBXNativeTarget section */

/* Begin PBXProject section */
		33B246BA28ABBAF500811CA3 /* Project object */ = {
			isa = PBXProject;
			attributes = {
				BuildIndependentTargetsInParallel = 1;
				LastSwiftUpdateCheck = 1340;
				LastUpgradeCheck = 1340;
				TargetAttributes = {
					33B246C128ABBAF500811CA3 = {
						CreatedOnToolsVersion = 13.4.1;
					};
					33B246D128ABBAF900811CA3 = {
						CreatedOnToolsVersion = 13.4.1;
						TestTargetID = 33B246C128ABBAF500811CA3;
					};
					33B246DB28ABBAF900811CA3 = {
						CreatedOnToolsVersion = 13.4.1;
						TestTargetID = 33B246C128ABBAF500811CA3;
					};
				};
			};
			buildConfigurationList = 33B246BD28ABBAF500811CA3 /* Build configuration list for PBXProject "Chapter2" */;
			compatibilityVersion = "Xcode 13.0";
			developmentRegion = en;
			hasScannedForEncodings = 0;
			knownRegions = (
				en,
				Base,
			);
			mainGroup = 33B246B928ABBAF500811CA3;
			productRefGroup = 33B246C328ABBAF500811CA3 /* Products */;
			projectDirPath = "";
			projectRoot = "";
			targets = (
				33B246C128ABBAF500811CA3 /* Chapter2 */,
				33B246D128ABBAF900811CA3 /* Chapter2Tests */,
				33B246DB28ABBAF900811CA3 /* Chapter2UITests */,
			);
		};
/* End PBXProject section */

/* Begin PBXResourcesBuildPhase section */
		33B246C028ABBAF500811CA3 /* Resources */ = {
			isa = PBXResourcesBuildPhase;
			buildActionMask = 2147483647;
			files = (
				33B246CD28ABBAF800811CA3 /* Preview Assets.xcassets in Resources */,
				33B246CA28ABBAF800811CA3 /* Assets.xcassets in Resources */,
			);
			runOnlyForDeploymentPostprocessing = 0;
		};
		33B246D028ABBAF900811CA3 /* Resources */ = {
			isa = PBXResourcesBuildPhase;
			buildActionMask = 2147483647;
			files = (
			);
			runOnlyForDeploymentPostprocessing = 0;
		};
		33B246DA28ABBAF900811CA3 /* Resources */ = {
			isa = PBXResourcesBuildPhase;
			buildActionMask = 2147483647;
			files = (
			);
			runOnlyForDeploymentPostprocessing = 0;
		};
/* End PBXResourcesBuildPhase section */

/* Begin PBXSourcesBuildPhase section */
		33B246BE28ABBAF500811CA3 /* Sources */ = {
			isa = PBXSourcesBuildPhase;
			buildActionMask = 2147483647;
			files = (
				33B246C828ABBAF500811CA3 /* ContentView.swift in Sources */,
				33B246C628ABBAF500811CA3 /* Chapter2App.swift in Sources */,
			);
			runOnlyForDeploymentPostprocessing = 0;
		};
		33B246CE28ABBAF900811CA3 /* Sources */ = {
			isa = PBXSourcesBuildPhase;
			buildActionMask = 2147483647;
			files = (
				33B246D728ABBAF900811CA3 /* Chapter2Tests.swift in Sources */,
			);
			runOnlyForDeploymentPostprocessing = 0;
		};
		33B246D828ABBAF900811CA3 /* Sources */ = {
			isa = PBXSourcesBuildPhase;
			buildActionMask = 2147483647;
			files = (
				33B246E328ABBAF900811CA3 /* Chapter2UITestsLaunchTests.swift in Sources */,
				33B246E128ABBAF900811CA3 /* Chapter2UITests.swift in Sources */,
			);
			runOnlyForDeploymentPostprocessing = 0;
		};
/* End PBXSourcesBuildPhase section */

/* Begin PBXTargetDependency section */
		33B246D428ABBAF900811CA3 /* PBXTargetDependency */ = {
			isa = PBXTargetDependency;
			target = 33B246C128ABBAF500811CA3 /* Chapter2 */;
			targetProxy = 33B246D328ABBAF900811CA3 /* PBXContainerItemProxy */;
		};
		33B246DE28ABBAF900811CA3 /* PBXTargetDependency */ = {
			isa = PBXTargetDependency;
			target = 33B246C128ABBAF500811CA3 /* Chapter2 */;
			targetProxy = 33B246DD28ABBAF900811CA3 /* PBXContainerItemProxy */;
		};
/* End PBXTargetDependency section */

/* Begin XCBuildConfiguration section */
		33B246E428ABBAF900811CA3 /* Debug */ = {
			isa = XCBuildConfiguration;
			buildSettings = {
				ALWAYS_SEARCH_USER_PATHS = NO;
				CLANG_ANALYZER_NONNULL = YES;
				CLANG_ANALYZER_NUMBER_OBJECT_CONVERSION = YES_AGGRESSIVE;
				CLANG_CXX_LANGUAGE_STANDARD = "gnu++17";
				CLANG_ENABLE_MODULES = YES;
				CLANG_ENABLE_OBJC_ARC = YES;
				CLANG_ENABLE_OBJC_WEAK = YES;
				CLANG_WARN_BLOCK_CAPTURE_AUTORELEASING = YES;
				CLANG_WARN_BOOL_CONVERSION = YES;
				CLANG_WARN_COMMA = YES;
				CLANG_WARN_CONSTANT_CONVERSION = YES;
				CLANG_WARN_DEPRECATED_OBJC_IMPLEMENTATIONS = YES;
				CLANG_WARN_DIRECT_OBJC_ISA_USAGE = YES_ERROR;
				CLANG_WARN_DOCUMENTATION_COMMENTS = YES;
				CLANG_WARN_EMPTY_BODY = YES;
				CLANG_WARN_ENUM_CONVERSION = YES;
				CLANG_WARN_INFINITE_RECURSION = YES;
				CLANG_WARN_INT_CONVERSION = YES;
				CLANG_WARN_NON_LITERAL_NULL_CONVERSION = YES;
				CLANG_WARN_OBJC_IMPLICIT_RETAIN_SELF = YES;
				CLANG_WARN_OBJC_LITERAL_CONVERSION = YES;
				CLANG_WARN_OBJC_ROOT_CLASS = YES_ERROR;
				CLANG_WARN_QUOTED_INCLUDE_IN_FRAMEWORK_HEADER = YES;
				CLANG_WARN_RANGE_LOOP_ANALYSIS = YES;
				CLANG_WARN_STRICT_PROTOTYPES = YES;
				CLANG_WARN_SUSPICIOUS_MOVE = YES;
				CLANG_WARN_UNGUARDED_AVAILABILITY = YES_AGGRESSIVE;
				CLANG_WARN_UNREACHABLE_CODE = YES;
				CLANG_WARN__DUPLICATE_METHOD_MATCH = YES;
				COPY_PHASE_STRIP = NO;
				DEBUG_INFORMATION_FORMAT = dwarf;
				ENABLE_STRICT_OBJC_MSGSEND = YES;
				ENABLE_TESTABILITY = YES;
				GCC_C_LANGUAGE_STANDARD = gnu11;
				GCC_DYNAMIC_NO_PIC = NO;
				GCC_NO_COMMON_BLOCKS = YES;
				GCC_OPTIMIZATION_LEVEL = 0;
				GCC_PREPROCESSOR_DEFINITIONS = (
					"DEBUG=1",
					"$(inherited)",
				);
				GCC_WARN_64_TO_32_BIT_CONVERSION = YES;
				GCC_WARN_ABOUT_RETURN_TYPE = YES_ERROR;
				GCC_WARN_UNDECLARED_SELECTOR = YES;
				GCC_WARN_UNINITIALIZED_AUTOS = YES_AGGRESSIVE;
				GCC_WARN_UNUSED_FUNCTION = YES;
				GCC_WARN_UNUSED_VARIABLE = YES;
				IPHONEOS_DEPLOYMENT_TARGET = 15.5;
				MTL_ENABLE_DEBUG_INFO = INCLUDE_SOURCE;
				MTL_FAST_MATH = YES;
				ONLY_ACTIVE_ARCH = YES;
				SDKROOT = iphoneos;
				SWIFT_ACTIVE_COMPILATION_CONDITIONS = DEBUG;
				SWIFT_OPTIMIZATION_LEVEL = "-Onone";
			};
			name = Debug;
		};
		33B246E528ABBAF900811CA3 /* Release */ = {
			isa = XCBuildConfiguration;
			buildSettings = {
				ALWAYS_SEARCH_USER_PATHS = NO;
				CLANG_ANALYZER_NONNULL = YES;
				CLANG_ANALYZER_NUMBER_OBJECT_CONVERSION = YES_AGGRESSIVE;
				CLANG_CXX_LANGUAGE_STANDARD = "gnu++17";
				CLANG_ENABLE_MODULES = YES;
				CLANG_ENABLE_OBJC_ARC = YES;
				CLANG_ENABLE_OBJC_WEAK = YES;
				CLANG_WARN_BLOCK_CAPTURE_AUTORELEASING = YES;
				CLANG_WARN_BOOL_CONVERSION = YES;
				CLANG_WARN_COMMA = YES;
				CLANG_WARN_CONSTANT_CONVERSION = YES;
				CLANG_WARN_DEPRECATED_OBJC_IMPLEMENTATIONS = YES;
				CLANG_WARN_DIRECT_OBJC_ISA_USAGE = YES_ERROR;
				CLANG_WARN_DOCUMENTATION_COMMENTS = YES;
				CLANG_WARN_EMPTY_BODY = YES;
				CLANG_WARN_ENUM_CONVERSION = YES;
				CLANG_WARN_INFINITE_RECURSION = YES;
				CLANG_WARN_INT_CONVERSION = YES;
				CLANG_WARN_NON_LITERAL_NULL_CONVERSION = YES;
				CLANG_WARN_OBJC_IMPLICIT_RETAIN_SELF = YES;
				CLANG_WARN_OBJC_LITERAL_CONVERSION = YES;
				CLANG_WARN_OBJC_ROOT_CLASS = YES_ERROR;
				CLANG_WARN_QUOTED_INCLUDE_IN_FRAMEWORK_HEADER = YES;
				CLANG_WARN_RANGE_LOOP_ANALYSIS = YES;
				CLANG_WARN_STRICT_PROTOTYPES = YES;
				CLANG_WARN_SUSPICIOUS_MOVE = YES;
				CLANG_WARN_UNGUARDED_AVAILABILITY = YES_AGGRESSIVE;
				CLANG_WARN_UNREACHABLE_CODE = YES;
				CLANG_WARN__DUPLICATE_METHOD_MATCH = YES;
				COPY_PHASE_STRIP = NO;
				DEBUG_INFORMATION_FORMAT = "dwarf-with-dsym";
				ENABLE_NS_ASSERTIONS = NO;
				ENABLE_STRICT_OBJC_MSGSEND = YES;
				GCC_C_LANGUAGE_STANDARD = gnu11;
				GCC_NO_COMMON_BLOCKS = YES;
				GCC_WARN_64_TO_32_BIT_CONVERSION = YES;
				GCC_WARN_ABOUT_RETURN_TYPE = YES_ERROR;
				GCC_WARN_UNDECLARED_SELECTOR = YES;
				GCC_WARN_UNINITIALIZED_AUTOS = YES_AGGRESSIVE;
				GCC_WARN_UNUSED_FUNCTION = YES;
				GCC_WARN_UNUSED_VARIABLE = YES;
				IPHONEOS_DEPLOYMENT_TARGET = 15.5;
				MTL_ENABLE_DEBUG_INFO = NO;
				MTL_FAST_MATH = YES;
				SDKROOT = iphoneos;
				SWIFT_COMPILATION_MODE = wholemodule;
				SWIFT_OPTIMIZATION_LEVEL = "-O";
				VALIDATE_PRODUCT = YES;
			};
			name = Release;
		};
		33B246E728ABBAF900811CA3 /* Debug */ = {
			isa = XCBuildConfiguration;
			buildSettings = {
				ASSETCATALOG_COMPILER_APPICON_NAME = AppIcon;
				ASSETCATALOG_COMPILER_GLOBAL_ACCENT_COLOR_NAME = AccentColor;
				CODE_SIGN_STYLE = Automatic;
				CURRENT_PROJECT_VERSION = 1;
				DEVELOPMENT_ASSET_PATHS = "\"Chapter2/Preview Content\"";
				ENABLE_PREVIEWS = YES;
				GENERATE_INFOPLIST_FILE = YES;
				INFOPLIST_KEY_UIApplicationSceneManifest_Generation = YES;
				INFOPLIST_KEY_UIApplicationSupportsIndirectInputEvents = YES;
				INFOPLIST_KEY_UILaunchScreen_Generation = YES;
				INFOPLIST_KEY_UISupportedInterfaceOrientations_iPad = "UIInterfaceOrientationPortrait UIInterfaceOrientationPortraitUpsideDown UIInterfaceOrientationLandscapeLeft UIInterfaceOrientationLandscapeRight";
				INFOPLIST_KEY_UISupportedInterfaceOrientations_iPhone = "UIInterfaceOrientationPortrait UIInterfaceOrientationLandscapeLeft UIInterfaceOrientationLandscapeRight";
				LD_RUNPATH_SEARCH_PATHS = (
					"$(inherited)",
					"@executable_path/Frameworks",
				);
				MARKETING_VERSION = 1.0;
				PRODUCT_BUNDLE_IDENTIFIER = example.Chapter2;
				PRODUCT_NAME = "$(TARGET_NAME)";
				SWIFT_EMIT_LOC_STRINGS = YES;
				SWIFT_VERSION = 5.0;
				TARGETED_DEVICE_FAMILY = "1,2";
			};
			name = Debug;
		};
		33B246E828ABBAF900811CA3 /* Release */ = {
			isa = XCBuildConfiguration;
			buildSettings = {
				ASSETCATALOG_COMPILER_APPICON_NAME = AppIcon;
				ASSETCATALOG_COMPILER_GLOBAL_ACCENT_COLOR_NAME = AccentColor;
				CODE_SIGN_STYLE = Automatic;
				CURRENT_PROJECT_VERSION = 1;
				DEVELOPMENT_ASSET_PATHS = "\"Chapter2/Preview Content\"";
				ENABLE_PREVIEWS = YES;
				GENERATE_INFOPLIST_FILE = YES;
				INFOPLIST_KEY_UIApplicationSceneManifest_Generation = YES;
				INFOPLIST_KEY_UIApplicationSupportsIndirectInputEvents = YES;
				INFOPLIST_KEY_UILaunchScreen_Generation = YES;
				INFOPLIST_KEY_UISupportedInterfaceOrientations_iPad = "UIInterfaceOrientationPortrait UIInterfaceOrientationPortraitUpsideDown UIInterfaceOrientationLandscapeLeft UIInterfaceOrientationLandscapeRight";
				INFOPLIST_KEY_UISupportedInterfaceOrientations_iPhone = "UIInterfaceOrientationPortrait UIInterfaceOrientationLandscapeLeft UIInterfaceOrientationLandscapeRight";
				LD_RUNPATH_SEARCH_PATHS = (
					"$(inherited)",
					"@executable_path/Frameworks",
				);
				MARKETING_VERSION = 1.0;
				PRODUCT_BUNDLE_IDENTIFIER = example.Chapter2;
				PRODUCT_NAME = "$(TARGET_NAME)";
				SWIFT_EMIT_LOC_STRINGS = YES;
				SWIFT_VERSION = 5.0;
				TARGETED_DEVICE_FAMILY = "1,2";
			};
			name = Release;
		};
		33B246EA28ABBAF900811CA3 /* Debug */ = {
			isa = XCBuildConfiguration;
			buildSettings = {
				ALWAYS_EMBED_SWIFT_STANDARD_LIBRARIES = YES;
				BUNDLE_LOADER = "$(TEST_HOST)";
				CODE_SIGN_STYLE = Automatic;
				CURRENT_PROJECT_VERSION = 1;
				GENERATE_INFOPLIST_FILE = YES;
				IPHONEOS_DEPLOYMENT_TARGET = 15.5;
				MARKETING_VERSION = 1.0;
				PRODUCT_BUNDLE_IDENTIFIER = example.Chapter2Tests;
				PRODUCT_NAME = "$(TARGET_NAME)";
				SWIFT_EMIT_LOC_STRINGS = NO;
				SWIFT_VERSION = 5.0;
				TARGETED_DEVICE_FAMILY = "1,2";
				TEST_HOST = "$(BUILT_PRODUCTS_DIR)/Chapter2.app/Chapter2";
			};
			name = Debug;
		};
		33B246EB28ABBAF900811CA3 /* Release */ = {
			isa = XCBuildConfiguration;
			buildSettings = {
				ALWAYS_EMBED_SWIFT_STANDARD_LIBRARIES = YES;
				BUNDLE_LOADER = "$(TEST_HOST)";
				CODE_SIGN_STYLE = Automatic;
				CURRENT_PROJECT_VERSION = 1;
				GENERATE_INFOPLIST_FILE = YES;
				IPHONEOS_DEPLOYMENT_TARGET = 15.5;
				MARKETING_VERSION = 1.0;
				PRODUCT_BUNDLE_IDENTIFIER = example.Chapter2Tests;
				PRODUCT_NAME = "$(TARGET_NAME)";
				SWIFT_EMIT_LOC_STRINGS = NO;
				SWIFT_VERSION = 5.0;
				TARGETED_DEVICE_FAMILY = "1,2";
				TEST_HOST = "$(BUILT_PRODUCTS_DIR)/Chapter2.app/Chapter2";
			};
			name = Release;
		};
		33B246ED28ABBAF900811CA3 /* Debug */ = {
			isa = XCBuildConfiguration;
			buildSettings = {
				ALWAYS_EMBED_SWIFT_STANDARD_LIBRARIES = YES;
				CODE_SIGN_STYLE = Automatic;
				CURRENT_PROJECT_VERSION = 1;
				GENERATE_INFOPLIST_FILE = YES;
				MARKETING_VERSION = 1.0;
				PRODUCT_BUNDLE_IDENTIFIER = example.Chapter2UITests;
				PRODUCT_NAME = "$(TARGET_NAME)";
				SWIFT_EMIT_LOC_STRINGS = NO;
				SWIFT_VERSION = 5.0;
				TARGETED_DEVICE_FAMILY = "1,2";
				TEST_TARGET_NAME = Chapter2;
			};
			name = Debug;
		};
		33B246EE28ABBAF900811CA3 /* Release */ = {
			isa = XCBuildConfiguration;
			buildSettings = {
				ALWAYS_EMBED_SWIFT_STANDARD_LIBRARIES = YES;
				CODE_SIGN_STYLE = Automatic;
				CURRENT_PROJECT_VERSION = 1;
				GENERATE_INFOPLIST_FILE = YES;
				MARKETING_VERSION = 1.0;
				PRODUCT_BUNDLE_IDENTIFIER = example.Chapter2UITests;
				PRODUCT_NAME = "$(TARGET_NAME)";
				SWIFT_EMIT_LOC_STRINGS = NO;
				SWIFT_VERSION = 5.0;
				TARGETED_DEVICE_FAMILY = "1,2";
				TEST_TARGET_NAME = Chapter2;
			};
			name = Release;
		};
/* End XCBuildConfiguration section */

/* Begin XCConfigurationList section */
		33B246BD28ABBAF500811CA3 /* Build configuration list for PBXProject "Chapter2" */ = {
			isa = XCConfigurationList;
			buildConfigurations = (
				33B246E428ABBAF900811CA3 /* Debug */,
				33B246E528ABBAF900811CA3 /* Release */,
			);
			defaultConfigurationIsVisible = 0;
			defaultConfigurationName = Release;
		};
		33B246E628ABBAF900811CA3 /* Build configuration list for PBXNativeTarget "Chapter2" */ = {
			isa = XCConfigurationList;
			buildConfigurations = (
				33B246E728ABBAF900811CA3 /* Debug */,
				33B246E828ABBAF900811CA3 /* Release */,
			);
			defaultConfigurationIsVisible = 0;
			defaultConfigurationName = Release;
		};
		33B246E928ABBAF900811CA3 /* Build configuration list for PBXNativeTarget "Chapter2Tests" */ = {
			isa = XCConfigurationList;
			buildConfigurations = (
				33B246EA28ABBAF900811CA3 /* Debug */,
				33B246EB28ABBAF900811CA3 /* Release */,
			);
			defaultConfigurationIsVisible = 0;
			defaultConfigurationName = Release;
		};
		33B246EC28ABBAF900811CA3 /* Build configuration list for PBXNativeTarget "Chapter2UITests" */ = {
			isa = XCConfigurationList;
			buildConfigurations = (
				33B246ED28ABBAF900811CA3 /* Debug */,
				33B246EE28ABBAF900811CA3 /* Release */,
			);
			defaultConfigurationIsVisible = 0;
			defaultConfigurationName = Release;
		};
/* End XCConfigurationList section */
	};
	rootObject = 33B246BA28ABBAF500811CA3 /* Project object */;
}
